<?xml version="1.0" encoding="utf-8"?>
<Project ToolsVersion="4.0" xmlns="http://schemas.microsoft.com/developer/msbuild/2003">
  <ItemGroup>
    <Filter Include="Source Files">
      <UniqueIdentifier>{4FC737F1-C7A5-4376-A066-2A32D752A2FF}</UniqueIdentifier>
      <Extensions>cpp;c;cc;cxx;def;odl;idl;hpj;bat;asm;asmx</Extensions>
    </Filter>
    <Filter Include="Header Files">
      <UniqueIdentifier>{93995380-89BD-4b04-88EB-625FBE52EBFB}</UniqueIdentifier>
      <Extensions>h;hh;hpp;hxx;hm;inl;inc;ipp;xsd</Extensions>
    </Filter>
    <Filter Include="Resource Files">
      <UniqueIdentifier>{67DA6AB6-F800-4c08-8B7A-83BB121AAD01}</UniqueIdentifier>
      <Extensions>rc;ico;cur;bmp;dlg;rc2;rct;bin;rgs;gif;jpg;jpeg;jpe;resx;tiff;tif;png;wav;mfcribbon-ms</Extensions>
    </Filter>
    <Filter Include="Source Files\OpenGL">
      <UniqueIdentifier>{7922ca07-91a8-42dc-a3a6-d6781c579197}</UniqueIdentifier>
    </Filter>
    <Filter Include="Header Files\OpenGL">
      <UniqueIdentifier>{a5cd5bc6-a7e6-4e70-964b-c437fc0dc781}</UniqueIdentifier>
    </Filter>
    <Filter Include="Source Files\Shaders">
      <UniqueIdentifier>{a6439579-9c7f-422b-8a4f-d65ffe60ad2b}</UniqueIdentifier>
    </Filter>
    <Filter Include="Source Files\Scene">
      <UniqueIdentifier>{5346dc5d-a741-43ab-8564-d335d89261ac}</UniqueIdentifier>
    </Filter>
    <Filter Include="Header Files\Scene">
      <UniqueIdentifier>{2a0b9e69-1557-4ffd-ac78-6ca47a47f5be}</UniqueIdentifier>
    </Filter>
    <Filter Include="Source Files\GeneticAlgorithms">
      <UniqueIdentifier>{e93a1f7e-cb6f-4eb0-8b64-18aaeecd6982}</UniqueIdentifier>
    </Filter>
    <Filter Include="Source Files\GeneticAlgorithms\Fitness">
      <UniqueIdentifier>{1244a57a-c3e8-443e-b079-f0a776728425}</UniqueIdentifier>
    </Filter>
    <Filter Include="Header Files\GeneticAlgorithms">
      <UniqueIdentifier>{2e1d6a7c-5952-4f9f-833c-2841e8ecf046}</UniqueIdentifier>
    </Filter>
    <Filter Include="Header Files\GeneticAlgorithms\Fitness">
      <UniqueIdentifier>{07652b2f-a582-40a7-93a1-0492140f37f3}</UniqueIdentifier>
    </Filter>
    <Filter Include="Source Files\Scene\Raytracing">
      <UniqueIdentifier>{58aca770-3ea9-4f0b-b3c1-43995635216c}</UniqueIdentifier>
    </Filter>
    <Filter Include="Header Files\Scene\Raytracing">
      <UniqueIdentifier>{969e5ac4-def3-49be-82c4-d7bd3b7d864b}</UniqueIdentifier>
    </Filter>
  </ItemGroup>
  <ItemGroup>
    <ClCompile Include="..\..\Libraries\glad\src\glad.c">
      <Filter>Source Files</Filter>
    </ClCompile>
    <ClCompile Include="src\OpenGL\ShaderProgram.cpp">
      <Filter>Source Files\OpenGL</Filter>
    </ClCompile>
    <ClCompile Include="src\main.cpp">
      <Filter>Source Files</Filter>
    </ClCompile>
    <ClCompile Include="src\Scene\DrawableLine.cpp">
      <Filter>Source Files\Scene</Filter>
    </ClCompile>
    <ClCompile Include="src\LSystem.cpp">
      <Filter>Source Files</Filter>
    </ClCompile>
    <ClCompile Include="src\GeneticAlgorithms\Fitness\FitnessEvalMethod.cpp">
      <Filter>Source Files\GeneticAlgorithms\Fitness</Filter>
    </ClCompile>
    <ClCompile Include="src\Scene\Mesh.cpp">
      <Filter>Source Files\Scene</Filter>
    </ClCompile>
    <ClCompile Include="src\Scene\Raytracing\Raytracing.cpp">
      <Filter>Source Files\Scene\Raytracing</Filter>
    </ClCompile>
    <ClCompile Include="src\Scene\Camera.cpp">
      <Filter>Source Files\Scene</Filter>
    </ClCompile>
    <ClCompile Include="src\GeneticAlgorithms\TreeStructure.cpp">
      <Filter>Source Files\GeneticAlgorithms</Filter>
    </ClCompile>
    <ClCompile Include="src\OpenGL\Drawable.cpp">
      <Filter>Source Files\OpenGL</Filter>
    </ClCompile>
  </ItemGroup>
  <ItemGroup>
    <ClInclude Include="src\OpenGL\Drawable.h">
      <Filter>Header Files\OpenGL</Filter>
    </ClInclude>
    <ClInclude Include="src\OpenGL\ShaderProgram.h">
      <Filter>Header Files\OpenGL</Filter>
    </ClInclude>
    <ClInclude Include="src\Scene\DrawableLine.h">
      <Filter>Header Files\Scene</Filter>
    </ClInclude>
    <ClInclude Include="src\LSystem.h">
      <Filter>Header Files</Filter>
    </ClInclude>
    <ClInclude Include="src\GeneticAlgorithms\Fitness\FitnessEvalMethod.h">
      <Filter>Header Files\GeneticAlgorithms\Fitness</Filter>
    </ClInclude>
    <ClInclude Include="src\Scene\Mesh.h">
      <Filter>Header Files\Scene</Filter>
    </ClInclude>
    <ClInclude Include="src\Scene\Raytracing\Raytracing.h">
      <Filter>Header Files\Scene\Raytracing</Filter>
    </ClInclude>
    <ClInclude Include="src\Globals.h">
      <Filter>Header Files</Filter>
    </ClInclude>
    <ClInclude Include="src\Scene\Camera.h">
      <Filter>Header Files\Scene</Filter>
    </ClInclude>
    <ClInclude Include="src\GeneticAlgorithms\TreeStructure.h">
      <Filter>Header Files\GeneticAlgorithms</Filter>
    </ClInclude>
  </ItemGroup>
  <ItemGroup>
    <None Include="src\Shaders\flat.frag">
      <Filter>Source Files\Shaders</Filter>
    </None>
    <None Include="src\Shaders\flat.vert">
      <Filter>Source Files\Shaders</Filter>
    </None>
  </ItemGroup>
</Project>